
Microsoft Visual Studio Solution File, Format Version 12.00
# Visual Studio Version 17
VisualStudioVersion = 17.0.31903.59
MinimumVisualStudioVersion = 10.0.40219.1
Project("{2150E333-8FDC-42A3-9474-1A3956D46DE8}") = "en", "en", "{0D902F2A-E2FA-167E-6977-4A76B160A872}"
EndProject
Project("{2150E333-8FDC-42A3-9474-1A3956D46DE8}") = "module-00-setup", "module-00-setup", "{132EB2BF-250E-F5E1-CD9B-26D2109B0387}"
EndProject
Project("{2150E333-8FDC-42A3-9474-1A3956D46DE8}") = "after", "after", "{F8281FCB-89EA-342B-61A9-60CB74620075}"
EndProject
Project("{FAE04EC0-301F-11D3-BF4B-00C04F79EFBC}") = "Hello-Future-Devs", "en\module-00-setup\after\Hello-Future-Devs\Hello-Future-Devs.csproj", "{0BAFA5E3-A1F5-4928-8B1C-EFF1BCB7934A}"
EndProject
Project("{2150E333-8FDC-42A3-9474-1A3956D46DE8}") = "module-01-variables, input, output", "module-01-variables, input, output", "{B157C02B-D963-F5D7-8778-55607D6250E0}"
EndProject
Project("{2150E333-8FDC-42A3-9474-1A3956D46DE8}") = "before", "before", "{93BC269B-9661-0DE8-8127-0C0614C9AB8D}"
EndProject
Project("{FAE04EC0-301F-11D3-BF4B-00C04F79EFBC}") = "Variables-Input-Output", "en\module-01-variables, input, output\before\Variables-Input-Output\Variables-Input-Output.csproj", "{EA3C5094-83EF-4C9F-A2FE-EEBF6756B557}"
EndProject
Project("{2150E333-8FDC-42A3-9474-1A3956D46DE8}") = "after", "after", "{2D647F84-5E84-A936-F563-E8BE3EFEF442}"
EndProject
Project("{FAE04EC0-301F-11D3-BF4B-00C04F79EFBC}") = "Variables-Input-Output", "en\module-01-variables, input, output\after\Variables-Input-Output\Variables-Input-Output.csproj", "{04B1965F-EDD2-4D07-B18E-A668586B6D0C}"
EndProject
Global
	GlobalSection(SolutionConfigurationPlatforms) = preSolution
		Debug|Any CPU = Debug|Any CPU
		Debug|x64 = Debug|x64
		Debug|x86 = Debug|x86
		Release|Any CPU = Release|Any CPU
		Release|x64 = Release|x64
		Release|x86 = Release|x86
	EndGlobalSection
	GlobalSection(ProjectConfigurationPlatforms) = postSolution
		{0BAFA5E3-A1F5-4928-8B1C-EFF1BCB7934A}.Debug|Any CPU.ActiveCfg = Debug|Any CPU
		{0BAFA5E3-A1F5-4928-8B1C-EFF1BCB7934A}.Debug|Any CPU.Build.0 = Debug|Any CPU
		{0BAFA5E3-A1F5-4928-8B1C-EFF1BCB7934A}.Debug|x64.ActiveCfg = Debug|Any CPU
		{0BAFA5E3-A1F5-4928-8B1C-EFF1BCB7934A}.Debug|x64.Build.0 = Debug|Any CPU
		{0BAFA5E3-A1F5-4928-8B1C-EFF1BCB7934A}.Debug|x86.ActiveCfg = Debug|Any CPU
		{0BAFA5E3-A1F5-4928-8B1C-EFF1BCB7934A}.Debug|x86.Build.0 = Debug|Any CPU
		{0BAFA5E3-A1F5-4928-8B1C-EFF1BCB7934A}.Release|Any CPU.ActiveCfg = Release|Any CPU
		{0BAFA5E3-A1F5-4928-8B1C-EFF1BCB7934A}.Release|Any CPU.Build.0 = Release|Any CPU
		{0BAFA5E3-A1F5-4928-8B1C-EFF1BCB7934A}.Release|x64.ActiveCfg = Release|Any CPU
		{0BAFA5E3-A1F5-4928-8B1C-EFF1BCB7934A}.Release|x64.Build.0 = Release|Any CPU
		{0BAFA5E3-A1F5-4928-8B1C-EFF1BCB7934A}.Release|x86.ActiveCfg = Release|Any CPU
		{0BAFA5E3-A1F5-4928-8B1C-EFF1BCB7934A}.Release|x86.Build.0 = Release|Any CPU
		{EA3C5094-83EF-4C9F-A2FE-EEBF6756B557}.Debug|Any CPU.ActiveCfg = Debug|Any CPU
		{EA3C5094-83EF-4C9F-A2FE-EEBF6756B557}.Debug|Any CPU.Build.0 = Debug|Any CPU
		{EA3C5094-83EF-4C9F-A2FE-EEBF6756B557}.Debug|x64.ActiveCfg = Debug|Any CPU
		{EA3C5094-83EF-4C9F-A2FE-EEBF6756B557}.Debug|x64.Build.0 = Debug|Any CPU
		{EA3C5094-83EF-4C9F-A2FE-EEBF6756B557}.Debug|x86.ActiveCfg = Debug|Any CPU
		{EA3C5094-83EF-4C9F-A2FE-EEBF6756B557}.Debug|x86.Build.0 = Debug|Any CPU
		{EA3C5094-83EF-4C9F-A2FE-EEBF6756B557}.Release|Any CPU.ActiveCfg = Release|Any CPU
		{EA3C5094-83EF-4C9F-A2FE-EEBF6756B557}.Release|Any CPU.Build.0 = Release|Any CPU
		{EA3C5094-83EF-4C9F-A2FE-EEBF6756B557}.Release|x64.ActiveCfg = Release|Any CPU
		{EA3C5094-83EF-4C9F-A2FE-EEBF6756B557}.Release|x64.Build.0 = Release|Any CPU
		{EA3C5094-83EF-4C9F-A2FE-EEBF6756B557}.Release|x86.ActiveCfg = Release|Any CPU
		{EA3C5094-83EF-4C9F-A2FE-EEBF6756B557}.Release|x86.Build.0 = Release|Any CPU
		{04B1965F-EDD2-4D07-B18E-A668586B6D0C}.Debug|Any CPU.ActiveCfg = Debug|Any CPU
		{04B1965F-EDD2-4D07-B18E-A668586B6D0C}.Debug|Any CPU.Build.0 = Debug|Any CPU
		{04B1965F-EDD2-4D07-B18E-A668586B6D0C}.Debug|x64.ActiveCfg = Debug|Any CPU
		{04B1965F-EDD2-4D07-B18E-A668586B6D0C}.Debug|x64.Build.0 = Debug|Any CPU
		{04B1965F-EDD2-4D07-B18E-A668586B6D0C}.Debug|x86.ActiveCfg = Debug|Any CPU
		{04B1965F-EDD2-4D07-B18E-A668586B6D0C}.Debug|x86.Build.0 = Debug|Any CPU
		{04B1965F-EDD2-4D07-B18E-A668586B6D0C}.Release|Any CPU.ActiveCfg = Release|Any CPU
		{04B1965F-EDD2-4D07-B18E-A668586B6D0C}.Release|Any CPU.Build.0 = Release|Any CPU
		{04B1965F-EDD2-4D07-B18E-A668586B6D0C}.Release|x64.ActiveCfg = Release|Any CPU
		{04B1965F-EDD2-4D07-B18E-A668586B6D0C}.Release|x64.Build.0 = Release|Any CPU
		{04B1965F-EDD2-4D07-B18E-A668586B6D0C}.Release|x86.ActiveCfg = Release|Any CPU
		{04B1965F-EDD2-4D07-B18E-A668586B6D0C}.Release|x86.Build.0 = Release|Any CPU
	EndGlobalSection
	GlobalSection(SolutionProperties) = preSolution
		HideSolutionNode = FALSE
	EndGlobalSection
	GlobalSection(NestedProjects) = preSolution
		{132EB2BF-250E-F5E1-CD9B-26D2109B0387} = {0D902F2A-E2FA-167E-6977-4A76B160A872}
		{F8281FCB-89EA-342B-61A9-60CB74620075} = {132EB2BF-250E-F5E1-CD9B-26D2109B0387}
		{0BAFA5E3-A1F5-4928-8B1C-EFF1BCB7934A} = {F8281FCB-89EA-342B-61A9-60CB74620075}
		{B157C02B-D963-F5D7-8778-55607D6250E0} = {0D902F2A-E2FA-167E-6977-4A76B160A872}
		{93BC269B-9661-0DE8-8127-0C0614C9AB8D} = {B157C02B-D963-F5D7-8778-55607D6250E0}
		{EA3C5094-83EF-4C9F-A2FE-EEBF6756B557} = {93BC269B-9661-0DE8-8127-0C0614C9AB8D}
		{2D647F84-5E84-A936-F563-E8BE3EFEF442} = {B157C02B-D963-F5D7-8778-55607D6250E0}
		{04B1965F-EDD2-4D07-B18E-A668586B6D0C} = {2D647F84-5E84-A936-F563-E8BE3EFEF442}
	EndGlobalSection
EndGlobal
